
Microsoft Visual Studio Solution File, Format Version 11.00
# Visual Studio 2010
Project("{FAE04EC0-301F-11D3-BF4B-00C04F79EFBC}") = "CompraColetiva", "CompraColetiva\CompraColetiva.csproj", "{1A1E5000-89C9-4367-B173-DF1DF6478E15}"
EndProject
Project("{B373B46A-B089-44D7-96CA-CD150D098BC8}") = "Scenarios", "Scenarios\Scenarios.rbproj", "{ACB5F3F2-6FDC-4090-BE0F-8CFE271719C3}"
EndProject
Global
	GlobalSection(SolutionConfigurationPlatforms) = preSolution
		Debug|Any CPU = Debug|Any CPU
		Release|Any CPU = Release|Any CPU
	EndGlobalSection
	GlobalSection(ProjectConfigurationPlatforms) = postSolution
		{1A1E5000-89C9-4367-B173-DF1DF6478E15}.Debug|Any CPU.ActiveCfg = Debug|Any CPU
		{1A1E5000-89C9-4367-B173-DF1DF6478E15}.Debug|Any CPU.Build.0 = Debug|Any CPU
		{1A1E5000-89C9-4367-B173-DF1DF6478E15}.Release|Any CPU.ActiveCfg = Release|Any CPU
		{1A1E5000-89C9-4367-B173-DF1DF6478E15}.Release|Any CPU.Build.0 = Release|Any CPU
		{ACB5F3F2-6FDC-4090-BE0F-8CFE271719C3}.Debug|Any CPU.ActiveCfg = Debug|Any CPU
		{ACB5F3F2-6FDC-4090-BE0F-8CFE271719C3}.Release|Any CPU.ActiveCfg = Release|Any CPU
		{ACB5F3F2-6FDC-4090-BE0F-8CFE271719C3}.Release|Any CPU.Build.0 = Release|Any CPU
	EndGlobalSection
	GlobalSection(SolutionProperties) = preSolution
		HideSolutionNode = FALSE
	EndGlobalSection
EndGlobal
